
Microsoft Visual Studio Solution File, Format Version 12.00
# Visual Studio 14
VisualStudioVersion = 14.0.23107.0
MinimumVisualStudioVersion = 10.0.40219.1
Project("{FAE04EC0-301F-11D3-BF4B-00C04F79EFBC}") = "SampleCustomSessionIDFull", "SampleCustomSessionIDFull\SampleCustomSessionIDFull.csproj", "{37AEFA7D-E20E-4AA1-A716-8276870C16FB}"
EndProject
Project("{FAE04EC0-301F-11D3-BF4B-00C04F79EFBC}") = "MyCustomSession", "MyCustomSession\MyCustomSession.csproj", "{B77F5AE7-F2B2-4EB8-B11B-C9EB790E2C4F}"
EndProject
Global
	GlobalSection(SolutionConfigurationPlatforms) = preSolution
		Debug|Any CPU = Debug|Any CPU
		Release|Any CPU = Release|Any CPU
	EndGlobalSection
	GlobalSection(ProjectConfigurationPlatforms) = postSolution
		{37AEFA7D-E20E-4AA1-A716-8276870C16FB}.Debug|Any CPU.ActiveCfg = Debug|Any CPU
		{37AEFA7D-E20E-4AA1-A716-8276870C16FB}.Debug|Any CPU.Build.0 = Debug|Any CPU
		{37AEFA7D-E20E-4AA1-A716-8276870C16FB}.Release|Any CPU.ActiveCfg = Release|Any CPU
		{37AEFA7D-E20E-4AA1-A716-8276870C16FB}.Release|Any CPU.Build.0 = Release|Any CPU
		{B77F5AE7-F2B2-4EB8-B11B-C9EB790E2C4F}.Debug|Any CPU.ActiveCfg = Debug|Any CPU
		{B77F5AE7-F2B2-4EB8-B11B-C9EB790E2C4F}.Debug|Any CPU.Build.0 = Debug|Any CPU
		{B77F5AE7-F2B2-4EB8-B11B-C9EB790E2C4F}.Release|Any CPU.ActiveCfg = Release|Any CPU
		{B77F5AE7-F2B2-4EB8-B11B-C9EB790E2C4F}.Release|Any CPU.Build.0 = Release|Any CPU
	EndGlobalSection
	GlobalSection(SolutionProperties) = preSolution
		HideSolutionNode = FALSE
	EndGlobalSection
EndGlobal
